
Microsoft Visual Studio Solution File, Format Version 12.00
# Visual Studio Version 17
VisualStudioVersion = 17.7.34031.279
MinimumVisualStudioVersion = 10.0.40219.1
Project("{FAE04EC0-301F-11D3-BF4B-00C04F79EFBC}") = "DogidogEscritorio", "DogidogEscritorio\DogidogEscritorio.csproj", "{50D4B5EC-641B-44B3-9FBA-651FFAF51A87}"
EndProject
Global
	GlobalSection(SolutionConfigurationPlatforms) = preSolution
		Debug|Any CPU = Debug|Any CPU
		Release|Any CPU = Release|Any CPU
	EndGlobalSection
	GlobalSection(ProjectConfigurationPlatforms) = postSolution
		{50D4B5EC-641B-44B3-9FBA-651FFAF51A87}.Debug|Any CPU.ActiveCfg = Debug|Any CPU
		{50D4B5EC-641B-44B3-9FBA-651FFAF51A87}.Debug|Any CPU.Build.0 = Debug|Any CPU
		{50D4B5EC-641B-44B3-9FBA-651FFAF51A87}.Release|Any CPU.ActiveCfg = Release|Any CPU
		{50D4B5EC-641B-44B3-9FBA-651FFAF51A87}.Release|Any CPU.Build.0 = Release|Any CPU
	EndGlobalSection
	GlobalSection(SolutionProperties) = preSolution
		HideSolutionNode = FALSE
	EndGlobalSection
	GlobalSection(ExtensibilityGlobals) = postSolution
		SolutionGuid = {4FBB4632-DFCF-4604-8115-293C0049EB79}
	EndGlobalSection
EndGlobal
